
Microsoft Visual Studio Solution File, Format Version 12.00
# Visual Studio Version 17
VisualStudioVersion = 17.5.33414.496
MinimumVisualStudioVersion = 10.0.40219.1
Project("{9A19103F-16F7-4668-BE54-9A1E7A4F7556}") = "DDD-Backend", "DDD-Backend\DDD-Backend.csproj", "{8F5B2B26-F29F-406B-A7A3-C5D83C329687}"
EndProject
Project("{FAE04EC0-301F-11D3-BF4B-00C04F79EFBC}") = "Domain", "Domain\Domain.csproj", "{450E1F9A-EE91-4443-B6B3-000E31048DD5}"
EndProject
Project("{FAE04EC0-301F-11D3-BF4B-00C04F79EFBC}") = "Infrastructure", "Infrastructure\Infrastructure.csproj", "{D9B8C327-CCB4-408B-B294-88A2796DF9DF}"
EndProject
Project("{FAE04EC0-301F-11D3-BF4B-00C04F79EFBC}") = "Application", "Application\Application.csproj", "{69B9218F-1F78-46F7-A071-BA16A61E2723}"
EndProject
Global
	GlobalSection(SolutionConfigurationPlatforms) = preSolution
		Debug|Any CPU = Debug|Any CPU
		Release|Any CPU = Release|Any CPU
	EndGlobalSection
	GlobalSection(ProjectConfigurationPlatforms) = postSolution
		{8F5B2B26-F29F-406B-A7A3-C5D83C329687}.Debug|Any CPU.ActiveCfg = Debug|Any CPU
		{8F5B2B26-F29F-406B-A7A3-C5D83C329687}.Debug|Any CPU.Build.0 = Debug|Any CPU
		{8F5B2B26-F29F-406B-A7A3-C5D83C329687}.Release|Any CPU.ActiveCfg = Release|Any CPU
		{8F5B2B26-F29F-406B-A7A3-C5D83C329687}.Release|Any CPU.Build.0 = Release|Any CPU
		{450E1F9A-EE91-4443-B6B3-000E31048DD5}.Debug|Any CPU.ActiveCfg = Debug|Any CPU
		{450E1F9A-EE91-4443-B6B3-000E31048DD5}.Debug|Any CPU.Build.0 = Debug|Any CPU
		{450E1F9A-EE91-4443-B6B3-000E31048DD5}.Release|Any CPU.ActiveCfg = Release|Any CPU
		{450E1F9A-EE91-4443-B6B3-000E31048DD5}.Release|Any CPU.Build.0 = Release|Any CPU
		{D9B8C327-CCB4-408B-B294-88A2796DF9DF}.Debug|Any CPU.ActiveCfg = Debug|Any CPU
		{D9B8C327-CCB4-408B-B294-88A2796DF9DF}.Debug|Any CPU.Build.0 = Debug|Any CPU
		{D9B8C327-CCB4-408B-B294-88A2796DF9DF}.Release|Any CPU.ActiveCfg = Release|Any CPU
		{D9B8C327-CCB4-408B-B294-88A2796DF9DF}.Release|Any CPU.Build.0 = Release|Any CPU
		{69B9218F-1F78-46F7-A071-BA16A61E2723}.Debug|Any CPU.ActiveCfg = Debug|Any CPU
		{69B9218F-1F78-46F7-A071-BA16A61E2723}.Debug|Any CPU.Build.0 = Debug|Any CPU
		{69B9218F-1F78-46F7-A071-BA16A61E2723}.Release|Any CPU.ActiveCfg = Release|Any CPU
		{69B9218F-1F78-46F7-A071-BA16A61E2723}.Release|Any CPU.Build.0 = Release|Any CPU
	EndGlobalSection
	GlobalSection(SolutionProperties) = preSolution
		HideSolutionNode = FALSE
	EndGlobalSection
	GlobalSection(ExtensibilityGlobals) = postSolution
		SolutionGuid = {2815323D-8045-48F7-96C8-EB6308169079}
	EndGlobalSection
EndGlobal
